
Microsoft Visual Studio Solution File, Format Version 12.00
# Visual Studio Version 17
VisualStudioVersion = 17.10.34928.147
MinimumVisualStudioVersion = 10.0.40219.1
Project("{2150E333-8FDC-42A3-9474-1A3956D46DE8}") = "Backend", "Backend", "{4F668FD4-E6F0-4847-8FE9-5BC752C2F4FD}"
EndProject
Project("{2150E333-8FDC-42A3-9474-1A3956D46DE8}") = "Frontend", "Frontend", "{8720C0AB-EBAB-40FA-AD54-2124A329444C}"
EndProject
Project("{9A19103F-16F7-4668-BE54-9A1E7A4F7556}") = "Models", "Models\Models.csproj", "{D1BAB78F-C137-4F59-8499-9751A680F9E1}"
EndProject
Project("{9A19103F-16F7-4668-BE54-9A1E7A4F7556}") = "DataAccessLayer", "DataAccessLayer\DataAccessLayer.csproj", "{63AFC4E1-0103-4CB3-AD9E-F08EDA8305BA}"
EndProject
Project("{9A19103F-16F7-4668-BE54-9A1E7A4F7556}") = "BusinessLayer", "BusinessLayer\BusinessLayer.csproj", "{5881B9F5-8C2B-425A-934F-054F4152A9B3}"
EndProject
Project("{9A19103F-16F7-4668-BE54-9A1E7A4F7556}") = "DTOs", "DTOs\DTOs.csproj", "{F2B5D96D-80F7-423C-8C9E-060B68B8531D}"
EndProject
Project("{9A19103F-16F7-4668-BE54-9A1E7A4F7556}") = "API", "API\API.csproj", "{D2D335F0-0E04-40A4-B39B-3DAEDD2636AF}"
EndProject
Project("{9A19103F-16F7-4668-BE54-9A1E7A4F7556}") = "MVC", "MVC\MVC.csproj", "{50FC853A-E722-4BC5-82D5-F7C3EEA47D7C}"
EndProject
Global
	GlobalSection(SolutionConfigurationPlatforms) = preSolution
		Debug|Any CPU = Debug|Any CPU
		Release|Any CPU = Release|Any CPU
	EndGlobalSection
	GlobalSection(ProjectConfigurationPlatforms) = postSolution
		{D1BAB78F-C137-4F59-8499-9751A680F9E1}.Debug|Any CPU.ActiveCfg = Debug|Any CPU
		{D1BAB78F-C137-4F59-8499-9751A680F9E1}.Debug|Any CPU.Build.0 = Debug|Any CPU
		{D1BAB78F-C137-4F59-8499-9751A680F9E1}.Release|Any CPU.ActiveCfg = Release|Any CPU
		{D1BAB78F-C137-4F59-8499-9751A680F9E1}.Release|Any CPU.Build.0 = Release|Any CPU
		{63AFC4E1-0103-4CB3-AD9E-F08EDA8305BA}.Debug|Any CPU.ActiveCfg = Debug|Any CPU
		{63AFC4E1-0103-4CB3-AD9E-F08EDA8305BA}.Debug|Any CPU.Build.0 = Debug|Any CPU
		{63AFC4E1-0103-4CB3-AD9E-F08EDA8305BA}.Release|Any CPU.ActiveCfg = Release|Any CPU
		{63AFC4E1-0103-4CB3-AD9E-F08EDA8305BA}.Release|Any CPU.Build.0 = Release|Any CPU
		{5881B9F5-8C2B-425A-934F-054F4152A9B3}.Debug|Any CPU.ActiveCfg = Debug|Any CPU
		{5881B9F5-8C2B-425A-934F-054F4152A9B3}.Debug|Any CPU.Build.0 = Debug|Any CPU
		{5881B9F5-8C2B-425A-934F-054F4152A9B3}.Release|Any CPU.ActiveCfg = Release|Any CPU
		{5881B9F5-8C2B-425A-934F-054F4152A9B3}.Release|Any CPU.Build.0 = Release|Any CPU
		{F2B5D96D-80F7-423C-8C9E-060B68B8531D}.Debug|Any CPU.ActiveCfg = Debug|Any CPU
		{F2B5D96D-80F7-423C-8C9E-060B68B8531D}.Debug|Any CPU.Build.0 = Debug|Any CPU
		{F2B5D96D-80F7-423C-8C9E-060B68B8531D}.Release|Any CPU.ActiveCfg = Release|Any CPU
		{F2B5D96D-80F7-423C-8C9E-060B68B8531D}.Release|Any CPU.Build.0 = Release|Any CPU
		{D2D335F0-0E04-40A4-B39B-3DAEDD2636AF}.Debug|Any CPU.ActiveCfg = Debug|Any CPU
		{D2D335F0-0E04-40A4-B39B-3DAEDD2636AF}.Debug|Any CPU.Build.0 = Debug|Any CPU
		{D2D335F0-0E04-40A4-B39B-3DAEDD2636AF}.Release|Any CPU.ActiveCfg = Release|Any CPU
		{D2D335F0-0E04-40A4-B39B-3DAEDD2636AF}.Release|Any CPU.Build.0 = Release|Any CPU
		{50FC853A-E722-4BC5-82D5-F7C3EEA47D7C}.Debug|Any CPU.ActiveCfg = Debug|Any CPU
		{50FC853A-E722-4BC5-82D5-F7C3EEA47D7C}.Debug|Any CPU.Build.0 = Debug|Any CPU
		{50FC853A-E722-4BC5-82D5-F7C3EEA47D7C}.Release|Any CPU.ActiveCfg = Release|Any CPU
		{50FC853A-E722-4BC5-82D5-F7C3EEA47D7C}.Release|Any CPU.Build.0 = Release|Any CPU
	EndGlobalSection
	GlobalSection(SolutionProperties) = preSolution
		HideSolutionNode = FALSE
	EndGlobalSection
	GlobalSection(NestedProjects) = preSolution
		{D1BAB78F-C137-4F59-8499-9751A680F9E1} = {4F668FD4-E6F0-4847-8FE9-5BC752C2F4FD}
		{63AFC4E1-0103-4CB3-AD9E-F08EDA8305BA} = {4F668FD4-E6F0-4847-8FE9-5BC752C2F4FD}
		{5881B9F5-8C2B-425A-934F-054F4152A9B3} = {4F668FD4-E6F0-4847-8FE9-5BC752C2F4FD}
		{F2B5D96D-80F7-423C-8C9E-060B68B8531D} = {4F668FD4-E6F0-4847-8FE9-5BC752C2F4FD}
		{D2D335F0-0E04-40A4-B39B-3DAEDD2636AF} = {4F668FD4-E6F0-4847-8FE9-5BC752C2F4FD}
		{50FC853A-E722-4BC5-82D5-F7C3EEA47D7C} = {8720C0AB-EBAB-40FA-AD54-2124A329444C}
	EndGlobalSection
	GlobalSection(ExtensibilityGlobals) = postSolution
		SolutionGuid = {DB01E1A8-1E76-4930-9C36-6018757B474F}
	EndGlobalSection
EndGlobal
